
Microsoft Visual Studio Solution File, Format Version 12.00
# Visual Studio 2012
Project("{FAE04EC0-301F-11D3-BF4B-00C04F79EFBC}") = "WpfApplication1", "WpfApplication1.csproj", "{DEFF3362-03DE-4CA2-8041-9DAC7A731404}"
EndProject
Global
	GlobalSection(SolutionConfigurationPlatforms) = preSolution
		Debug|Any CPU = Debug|Any CPU
		Release|Any CPU = Release|Any CPU
	EndGlobalSection
	GlobalSection(ProjectConfigurationPlatforms) = postSolution
		{DEFF3362-03DE-4CA2-8041-9DAC7A731404}.Debug|Any CPU.ActiveCfg = Debug|Any CPU
		{DEFF3362-03DE-4CA2-8041-9DAC7A731404}.Debug|Any CPU.Build.0 = Debug|Any CPU
		{DEFF3362-03DE-4CA2-8041-9DAC7A731404}.Release|Any CPU.ActiveCfg = Release|Any CPU
		{DEFF3362-03DE-4CA2-8041-9DAC7A731404}.Release|Any CPU.Build.0 = Release|Any CPU
	EndGlobalSection
	GlobalSection(SolutionProperties) = preSolution
		HideSolutionNode = FALSE
	EndGlobalSection
EndGlobal
